
Microsoft Visual Studio Solution File, Format Version 12.00
# Visual Studio 15
VisualStudioVersion = 15.0.28307.271
MinimumVisualStudioVersion = 10.0.40219.1
Project("{FAE04EC0-301F-11D3-BF4B-00C04F79EFBC}") = "NKH.MindSqualls", "Source\NKH.MindSqualls\NKH.MindSqualls.csproj", "{9973018E-FC09-4549-A484-0B702ADE1EE9}"
EndProject
Project("{FAE04EC0-301F-11D3-BF4B-00C04F79EFBC}") = "WinUsbWrapper", "Source\WinUsbWrapper\WinUsbWrapper.csproj", "{40C6E946-D5AC-43B8-AEDE-D896E9CBB3E2}"
EndProject
Global
	GlobalSection(SolutionConfigurationPlatforms) = preSolution
		Debug|Any CPU = Debug|Any CPU
		Release|Any CPU = Release|Any CPU
	EndGlobalSection
	GlobalSection(ProjectConfigurationPlatforms) = postSolution
		{9973018E-FC09-4549-A484-0B702ADE1EE9}.Debug|Any CPU.ActiveCfg = Debug|Any CPU
		{9973018E-FC09-4549-A484-0B702ADE1EE9}.Debug|Any CPU.Build.0 = Debug|Any CPU
		{9973018E-FC09-4549-A484-0B702ADE1EE9}.Release|Any CPU.ActiveCfg = Release|Any CPU
		{9973018E-FC09-4549-A484-0B702ADE1EE9}.Release|Any CPU.Build.0 = Release|Any CPU
		{40C6E946-D5AC-43B8-AEDE-D896E9CBB3E2}.Debug|Any CPU.ActiveCfg = Debug|Any CPU
		{40C6E946-D5AC-43B8-AEDE-D896E9CBB3E2}.Debug|Any CPU.Build.0 = Debug|Any CPU
		{40C6E946-D5AC-43B8-AEDE-D896E9CBB3E2}.Release|Any CPU.ActiveCfg = Release|Any CPU
		{40C6E946-D5AC-43B8-AEDE-D896E9CBB3E2}.Release|Any CPU.Build.0 = Release|Any CPU
	EndGlobalSection
	GlobalSection(SolutionProperties) = preSolution
		HideSolutionNode = FALSE
	EndGlobalSection
	GlobalSection(ExtensibilityGlobals) = postSolution
		SolutionGuid = {8B249E41-851F-4D50-833E-D2BE5AD69896}
	EndGlobalSection
EndGlobal
